// !$*UTF8*$!
{
	archiveVersion = 1;
	classes = {
	};
	objectVersion = 77;
	objects = {

/* Begin PBXContainerItemProxy section */
		B323F5852CAEAD2D00D34D23 /* PBXContainerItemProxy */ = {
			isa = PBXContainerItemProxy;
			containerPortal = B323F5662CAEAD2B00D34D23 /* Project object */;
			proxyType = 1;
			remoteGlobalIDString = B323F56D2CAEAD2B00D34D23;
			remoteInfo = Kream;
		};
		B323F58F2CAEAD2D00D34D23 /* PBXContainerItemProxy */ = {
			isa = PBXContainerItemProxy;
			containerPortal = B323F5662CAEAD2B00D34D23 /* Project object */;
			proxyType = 1;
			remoteGlobalIDString = B323F56D2CAEAD2B00D34D23;
			remoteInfo = Kream;
		};
/* End PBXContainerItemProxy section */

/* Begin PBXFileReference section */
		B323F56E2CAEAD2B00D34D23 /* Kream.app */ = {isa = PBXFileReference; explicitFileType = wrapper.application; includeInIndex = 0; path = Kream.app; sourceTree = BUILT_PRODUCTS_DIR; };
		B323F5842CAEAD2D00D34D23 /* KreamTests.xctest */ = {isa = PBXFileReference; explicitFileType = wrapper.cfbundle; includeInIndex = 0; path = KreamTests.xctest; sourceTree = BUILT_PRODUCTS_DIR; };
		B323F58E2CAEAD2D00D34D23 /* KreamUITests.xctest */ = {isa = PBXFileReference; explicitFileType = wrapper.cfbundle; includeInIndex = 0; path = KreamUITests.xctest; sourceTree = BUILT_PRODUCTS_DIR; };
/* End PBXFileReference section */

/* Begin PBXFileSystemSynchronizedBuildFileExceptionSet section */
		B323F5962CAEAD2D00D34D23 /* Exceptions for "Kream" folder in "Kream" target */ = {
			isa = PBXFileSystemSynchronizedBuildFileExceptionSet;
			membershipExceptions = (
				Info.plist,
			);
			target = B323F56D2CAEAD2B00D34D23 /* Kream */;
		};
/* End PBXFileSystemSynchronizedBuildFileExceptionSet section */

/* Begin PBXFileSystemSynchronizedRootGroup section */
		B323F5702CAEAD2B00D34D23 /* Kream */ = {
			isa = PBXFileSystemSynchronizedRootGroup;
			exceptions = (
				B323F5962CAEAD2D00D34D23 /* Exceptions for "Kream" folder in "Kream" target */,
			);
			path = Kream;
			sourceTree = "<group>";
		};
		B323F5872CAEAD2D00D34D23 /* KreamTests */ = {
			isa = PBXFileSystemSynchronizedRootGroup;
			path = KreamTests;
			sourceTree = "<group>";
		};
		B323F5912CAEAD2D00D34D23 /* KreamUITests */ = {
			isa = PBXFileSystemSynchronizedRootGroup;
			path = KreamUITests;
			sourceTree = "<group>";
		};
/* End PBXFileSystemSynchronizedRootGroup section */

/* Begin PBXFrameworksBuildPhase section */
		B323F56B2CAEAD2B00D34D23 /* Frameworks */ = {
			isa = PBXFrameworksBuildPhase;
			buildActionMask = 2147483647;
			files = (
			);
			runOnlyForDeploymentPostprocessing = 0;
		};
		B323F5812CAEAD2D00D34D23 /* Frameworks */ = {
			isa = PBXFrameworksBuildPhase;
			buildActionMask = 2147483647;
			files = (
			);
			runOnlyForDeploymentPostprocessing = 0;
		};
		B323F58B2CAEAD2D00D34D23 /* Frameworks */ = {
			isa = PBXFrameworksBuildPhase;
			buildActionMask = 2147483647;
			files = (
			);
			runOnlyForDeploymentPostprocessing = 0;
		};
/* End PBXFrameworksBuildPhase section */

/* Begin PBXGroup section */
		B323F5652CAEAD2B00D34D23 = {
			isa = PBXGroup;
			children = (
				B323F5702CAEAD2B00D34D23 /* Kream */,
				B323F5872CAEAD2D00D34D23 /* KreamTests */,
				B323F5912CAEAD2D00D34D23 /* KreamUITests */,
				B323F56F2CAEAD2B00D34D23 /* Products */,
			);
			sourceTree = "<group>";
		};
		B323F56F2CAEAD2B00D34D23 /* Products */ = {
			isa = PBXGroup;
			children = (
				B323F56E2CAEAD2B00D34D23 /* Kream.app */,
				B323F5842CAEAD2D00D34D23 /* KreamTests.xctest */,
				B323F58E2CAEAD2D00D34D23 /* KreamUITests.xctest */,
			);
			name = Products;
			sourceTree = "<group>";
		};
/* End PBXGroup section */

/* Begin PBXNativeTarget section */
		B323F56D2CAEAD2B00D34D23 /* Kream */ = {
			isa = PBXNativeTarget;
			buildConfigurationList = B323F5972CAEAD2D00D34D23 /* Build configuration list for PBXNativeTarget "Kream" */;
			buildPhases = (
				B323F56A2CAEAD2B00D34D23 /* Sources */,
				B323F56B2CAEAD2B00D34D23 /* Frameworks */,
				B323F56C2CAEAD2B00D34D23 /* Resources */,
			);
			buildRules = (
			);
			dependencies = (
			);
			fileSystemSynchronizedGroups = (
				B323F5702CAEAD2B00D34D23 /* Kream */,
			);
			name = Kream;
			packageProductDependencies = (
			);
			productName = Kream;
			productReference = B323F56E2CAEAD2B00D34D23 /* Kream.app */;
			productType = "com.apple.product-type.application";
		};
		B323F5832CAEAD2D00D34D23 /* KreamTests */ = {
			isa = PBXNativeTarget;
			buildConfigurationList = B323F59C2CAEAD2D00D34D23 /* Build configuration list for PBXNativeTarget "KreamTests" */;
			buildPhases = (
				B323F5802CAEAD2D00D34D23 /* Sources */,
				B323F5812CAEAD2D00D34D23 /* Frameworks */,
				B323F5822CAEAD2D00D34D23 /* Resources */,
			);
			buildRules = (
			);
			dependencies = (
				B323F5862CAEAD2D00D34D23 /* PBXTargetDependency */,
			);
			fileSystemSynchronizedGroups = (
				B323F5872CAEAD2D00D34D23 /* KreamTests */,
			);
			name = KreamTests;
			packageProductDependencies = (
			);
			productName = KreamTests;
			productReference = B323F5842CAEAD2D00D34D23 /* KreamTests.xctest */;
			productType = "com.apple.product-type.bundle.unit-test";
		};
		B323F58D2CAEAD2D00D34D23 /* KreamUITests */ = {
			isa = PBXNativeTarget;
			buildConfigurationList = B323F59F2CAEAD2D00D34D23 /* Build configuration list for PBXNativeTarget "KreamUITests" */;
			buildPhases = (
				B323F58A2CAEAD2D00D34D23 /* Sources */,
				B323F58B2CAEAD2D00D34D23 /* Frameworks */,
				B323F58C2CAEAD2D00D34D23 /* Resources */,
			);
			buildRules = (
			);
			dependencies = (
				B323F5902CAEAD2D00D34D23 /* PBXTargetDependency */,
			);
			fileSystemSynchronizedGroups = (
				B323F5912CAEAD2D00D34D23 /* KreamUITests */,
			);
			name = KreamUITests;
			packageProductDependencies = (
			);
			productName = KreamUITests;
			productReference = B323F58E2CAEAD2D00D34D23 /* KreamUITests.xctest */;
			productType = "com.apple.product-type.bundle.ui-testing";
		};
/* End PBXNativeTarget section */

/* Begin PBXProject section */
		B323F5662CAEAD2B00D34D23 /* Project object */ = {
			isa = PBXProject;
			attributes = {
				BuildIndependentTargetsInParallel = 1;
				LastSwiftUpdateCheck = 1600;
				LastUpgradeCheck = 1600;
				TargetAttributes = {
					B323F56D2CAEAD2B00D34D23 = {
						CreatedOnToolsVersion = 16.0;
					};
					B323F5832CAEAD2D00D34D23 = {
						CreatedOnToolsVersion = 16.0;
						TestTargetID = B323F56D2CAEAD2B00D34D23;
					};
					B323F58D2CAEAD2D00D34D23 = {
						CreatedOnToolsVersion = 16.0;
						TestTargetID = B323F56D2CAEAD2B00D34D23;
					};
				};
			};
			buildConfigurationList = B323F5692CAEAD2B00D34D23 /* Build configuration list for PBXProject "Kream" */;
			developmentRegion = en;
			hasScannedForEncodings = 0;
			knownRegions = (
				en,
				Base,
			);
			mainGroup = B323F5652CAEAD2B00D34D23;
			minimizedProjectReferenceProxies = 1;
			preferredProjectObjectVersion = 77;
			productRefGroup = B323F56F2CAEAD2B00D34D23 /* Products */;
			projectDirPath = "";
			projectRoot = "";
			targets = (
				B323F56D2CAEAD2B00D34D23 /* Kream */,
				B323F5832CAEAD2D00D34D23 /* KreamTests */,
				B323F58D2CAEAD2D00D34D23 /* KreamUITests */,
			);
		};
/* End PBXProject section */

/* Begin PBXResourcesBuildPhase section */
		B323F56C2CAEAD2B00D34D23 /* Resources */ = {
			isa = PBXResourcesBuildPhase;
			buildActionMask = 2147483647;
			files = (
			);
			runOnlyForDeploymentPostprocessing = 0;
		};
		B323F5822CAEAD2D00D34D23 /* Resources */ = {
			isa = PBXResourcesBuildPhase;
			buildActionMask = 2147483647;
			files = (
			);
			runOnlyForDeploymentPostprocessing = 0;
		};
		B323F58C2CAEAD2D00D34D23 /* Resources */ = {
			isa = PBXResourcesBuildPhase;
			buildActionMask = 2147483647;
			files = (
			);
			runOnlyForDeploymentPostprocessing = 0;
		};
/* End PBXResourcesBuildPhase section */

/* Begin PBXSourcesBuildPhase section */
		B323F56A2CAEAD2B00D34D23 /* Sources */ = {
			isa = PBXSourcesBuildPhase;
			buildActionMask = 2147483647;
			files = (
			);
			runOnlyForDeploymentPostprocessing = 0;
		};
		B323F5802CAEAD2D00D34D23 /* Sources */ = {
			isa = PBXSourcesBuildPhase;
			buildActionMask = 2147483647;
			files = (
			);
			runOnlyForDeploymentPostprocessing = 0;
		};
		B323F58A2CAEAD2D00D34D23 /* Sources */ = {
			isa = PBXSourcesBuildPhase;
			buildActionMask = 2147483647;
			files = (
			);
			runOnlyForDeploymentPostprocessing = 0;
		};
/* End PBXSourcesBuildPhase section */

/* Begin PBXTargetDependency section */
		B323F5862CAEAD2D00D34D23 /* PBXTargetDependency */ = {
			isa = PBXTargetDependency;
			target = B323F56D2CAEAD2B00D34D23 /* Kream */;
			targetProxy = B323F5852CAEAD2D00D34D23 /* PBXContainerItemProxy */;
		};
		B323F5902CAEAD2D00D34D23 /* PBXTargetDependency */ = {
			isa = PBXTargetDependency;
			target = B323F56D2CAEAD2B00D34D23 /* Kream */;
			targetProxy = B323F58F2CAEAD2D00D34D23 /* PBXContainerItemProxy */;
		};
/* End PBXTargetDependency section */

/* Begin XCBuildConfiguration section */
		B323F5982CAEAD2D00D34D23 /* Debug */ = {
			isa = XCBuildConfiguration;
			buildSettings = {
				ASSETCATALOG_COMPILER_APPICON_NAME = AppIcon;
				ASSETCATALOG_COMPILER_GLOBAL_ACCENT_COLOR_NAME = AccentColor;
				CODE_SIGN_STYLE = Automatic;
				CURRENT_PROJECT_VERSION = 1;
				GENERATE_INFOPLIST_FILE = YES;
				INFOPLIST_FILE = Kream/Info.plist;
				INFOPLIST_KEY_UIApplicationSupportsIndirectInputEvents = YES;
				INFOPLIST_KEY_UILaunchStoryboardName = LaunchScreen;
				INFOPLIST_KEY_UIMainStoryboardFile = Main;
				INFOPLIST_KEY_UISupportedInterfaceOrientations_iPad = "UIInterfaceOrientationPortrait UIInterfaceOrientationPortraitUpsideDown UIInterfaceOrientationLandscapeLeft UIInterfaceOrientationLandscapeRight";
				INFOPLIST_KEY_UISupportedInterfaceOrientations_iPhone = "UIInterfaceOrientationPortrait UIInterfaceOrientationLandscapeLeft UIInterfaceOrientationLandscapeRight";
				LD_RUNPATH_SEARCH_PATHS = (
					"$(inherited)",
					"@executable_path/Frameworks",
				);
				MARKETING_VERSION = 1.0;
				PRODUCT_BUNDLE_IDENTIFIER = com.band.Kream;
				PRODUCT_NAME = "$(TARGET_NAME)";
				SWIFT_EMIT_LOC_STRINGS = YES;
				SWIFT_VERSION = 5.0;
				TARGETED_DEVICE_FAMILY = "1,2";
			};
			name = Debug;
		};
		B323F5992CAEAD2D00D34D23 /* Release */ = {
			isa = XCBuildConfiguration;
			buildSettings = {
				ASSETCATALOG_COMPILER_APPICON_NAME = AppIcon;
				ASSETCATALOG_COMPILER_GLOBAL_ACCENT_COLOR_NAME = AccentColor;
				CODE_SIGN_STYLE = Automatic;
				CURRENT_PROJECT_VERSION = 1;
				GENERATE_INFOPLIST_FILE = YES;
				INFOPLIST_FILE = Kream/Info.plist;
				INFOPLIST_KEY_UIApplicationSupportsIndirectInputEvents = YES;
				INFOPLIST_KEY_UILaunchStoryboardName = LaunchScreen;
				INFOPLIST_KEY_UIMainStoryboardFile = Main;
				INFOPLIST_KEY_UISupportedInterfaceOrientations_iPad = "UIInterfaceOrientationPortrait UIInterfaceOrientationPortraitUpsideDown UIInterfaceOrientationLandscapeLeft UIInterfaceOrientationLandscapeRight";
				INFOPLIST_KEY_UISupportedInterfaceOrientations_iPhone = "UIInterfaceOrientationPortrait UIInterfaceOrientationLandscapeLeft UIInterfaceOrientationLandscapeRight";
				LD_RUNPATH_SEARCH_PATHS = (
					"$(inherited)",
					"@executable_path/Frameworks",
				);
				MARKETING_VERSION = 1.0;
				PRODUCT_BUNDLE_IDENTIFIER = com.band.Kream;
				PRODUCT_NAME = "$(TARGET_NAME)";
				SWIFT_EMIT_LOC_STRINGS = YES;
				SWIFT_VERSION = 5.0;
				TARGETED_DEVICE_FAMILY = "1,2";
			};
			name = Release;
		};
		B323F59A2CAEAD2D00D34D23 /* Debug */ = {
			isa = XCBuildConfiguration;
			buildSettings = {
				ALWAYS_SEARCH_USER_PATHS = NO;
				ASSETCATALOG_COMPILER_GENERATE_SWIFT_ASSET_SYMBOL_EXTENSIONS = YES;
				CLANG_ANALYZER_NONNULL = YES;
				CLANG_ANALYZER_NUMBER_OBJECT_CONVERSION = YES_AGGRESSIVE;
				CLANG_CXX_LANGUAGE_STANDARD = "gnu++20";
				CLANG_ENABLE_MODULES = YES;
				CLANG_ENABLE_OBJC_ARC = YES;
				CLANG_ENABLE_OBJC_WEAK = YES;
				CLANG_WARN_BLOCK_CAPTURE_AUTORELEASING = YES;
				CLANG_WARN_BOOL_CONVERSION = YES;
				CLANG_WARN_COMMA = YES;
				CLANG_WARN_CONSTANT_CONVERSION = YES;
				CLANG_WARN_DEPRECATED_OBJC_IMPLEMENTATIONS = YES;
				CLANG_WARN_DIRECT_OBJC_ISA_USAGE = YES_ERROR;
				CLANG_WARN_DOCUMENTATION_COMMENTS = YES;
				CLANG_WARN_EMPTY_BODY = YES;
				CLANG_WARN_ENUM_CONVERSION = YES;
				CLANG_WARN_INFINITE_RECURSION = YES;
				CLANG_WARN_INT_CONVERSION = YES;
				CLANG_WARN_NON_LITERAL_NULL_CONVERSION = YES;
				CLANG_WARN_OBJC_IMPLICIT_RETAIN_SELF = YES;
				CLANG_WARN_OBJC_LITERAL_CONVERSION = YES;
				CLANG_WARN_OBJC_ROOT_CLASS = YES_ERROR;
				CLANG_WARN_QUOTED_INCLUDE_IN_FRAMEWORK_HEADER = YES;
				CLANG_WARN_RANGE_LOOP_ANALYSIS = YES;
				CLANG_WARN_STRICT_PROTOTYPES = YES;
				CLANG_WARN_SUSPICIOUS_MOVE = YES;
				CLANG_WARN_UNGUARDED_AVAILABILITY = YES_AGGRESSIVE;
				CLANG_WARN_UNREACHABLE_CODE = YES;
				CLANG_WARN__DUPLICATE_METHOD_MATCH = YES;
				COPY_PHASE_STRIP = NO;
				DEBUG_INFORMATION_FORMAT = dwarf;
				ENABLE_STRICT_OBJC_MSGSEND = YES;
				ENABLE_TESTABILITY = YES;
				ENABLE_USER_SCRIPT_SANDBOXING = YES;
				GCC_C_LANGUAGE_STANDARD = gnu17;
				GCC_DYNAMIC_NO_PIC = NO;
				GCC_NO_COMMON_BLOCKS = YES;
				GCC_OPTIMIZATION_LEVEL = 0;
				GCC_PREPROCESSOR_DEFINITIONS = (
					"DEBUG=1",
					"$(inherited)",
				);
				GCC_WARN_64_TO_32_BIT_CONVERSION = YES;
				GCC_WARN_ABOUT_RETURN_TYPE = YES_ERROR;
				GCC_WARN_UNDECLARED_SELECTOR = YES;
				GCC_WARN_UNINITIALIZED_AUTOS = YES_AGGRESSIVE;
				GCC_WARN_UNUSED_FUNCTION = YES;
				GCC_WARN_UNUSED_VARIABLE = YES;
				IPHONEOS_DEPLOYMENT_TARGET = 18.0;
				LOCALIZATION_PREFERS_STRING_CATALOGS = YES;
				MTL_ENABLE_DEBUG_INFO = INCLUDE_SOURCE;
				MTL_FAST_MATH = YES;
				ONLY_ACTIVE_ARCH = YES;
				SDKROOT = iphoneos;
				SWIFT_ACTIVE_COMPILATION_CONDITIONS = "DEBUG $(inherited)";
				SWIFT_OPTIMIZATION_LEVEL = "-Onone";
			};
			name = Debug;
		};
		B323F59B2CAEAD2D00D34D23 /* Release */ = {
			isa = XCBuildConfiguration;
			buildSettings = {
				ALWAYS_SEARCH_USER_PATHS = NO;
				ASSETCATALOG_COMPILER_GENERATE_SWIFT_ASSET_SYMBOL_EXTENSIONS = YES;
				CLANG_ANALYZER_NONNULL = YES;
				CLANG_ANALYZER_NUMBER_OBJECT_CONVERSION = YES_AGGRESSIVE;
				CLANG_CXX_LANGUAGE_STANDARD = "gnu++20";
				CLANG_ENABLE_MODULES = YES;
				CLANG_ENABLE_OBJC_ARC = YES;
				CLANG_ENABLE_OBJC_WEAK = YES;
				CLANG_WARN_BLOCK_CAPTURE_AUTORELEASING = YES;
				CLANG_WARN_BOOL_CONVERSION = YES;
				CLANG_WARN_COMMA = YES;
				CLANG_WARN_CONSTANT_CONVERSION = YES;
				CLANG_WARN_DEPRECATED_OBJC_IMPLEMENTATIONS = YES;
				CLANG_WARN_DIRECT_OBJC_ISA_USAGE = YES_ERROR;
				CLANG_WARN_DOCUMENTATION_COMMENTS = YES;
				CLANG_WARN_EMPTY_BODY = YES;
				CLANG_WARN_ENUM_CONVERSION = YES;
				CLANG_WARN_INFINITE_RECURSION = YES;
				CLANG_WARN_INT_CONVERSION = YES;
				CLANG_WARN_NON_LITERAL_NULL_CONVERSION = YES;
				CLANG_WARN_OBJC_IMPLICIT_RETAIN_SELF = YES;
				CLANG_WARN_OBJC_LITERAL_CONVERSION = YES;
				CLANG_WARN_OBJC_ROOT_CLASS = YES_ERROR;
				CLANG_WARN_QUOTED_INCLUDE_IN_FRAMEWORK_HEADER = YES;
				CLANG_WARN_RANGE_LOOP_ANALYSIS = YES;
				CLANG_WARN_STRICT_PROTOTYPES = YES;
				CLANG_WARN_SUSPICIOUS_MOVE = YES;
				CLANG_WARN_UNGUARDED_AVAILABILITY = YES_AGGRESSIVE;
				CLANG_WARN_UNREACHABLE_CODE = YES;
				CLANG_WARN__DUPLICATE_METHOD_MATCH = YES;
				COPY_PHASE_STRIP = NO;
				DEBUG_INFORMATION_FORMAT = "dwarf-with-dsym";
				ENABLE_NS_ASSERTIONS = NO;
				ENABLE_STRICT_OBJC_MSGSEND = YES;
				ENABLE_USER_SCRIPT_SANDBOXING = YES;
				GCC_C_LANGUAGE_STANDARD = gnu17;
				GCC_NO_COMMON_BLOCKS = YES;
				GCC_WARN_64_TO_32_BIT_CONVERSION = YES;
				GCC_WARN_ABOUT_RETURN_TYPE = YES_ERROR;
				GCC_WARN_UNDECLARED_SELECTOR = YES;
				GCC_WARN_UNINITIALIZED_AUTOS = YES_AGGRESSIVE;
				GCC_WARN_UNUSED_FUNCTION = YES;
				GCC_WARN_UNUSED_VARIABLE = YES;
				IPHONEOS_DEPLOYMENT_TARGET = 18.0;
				LOCALIZATION_PREFERS_STRING_CATALOGS = YES;
				MTL_ENABLE_DEBUG_INFO = NO;
				MTL_FAST_MATH = YES;
				SDKROOT = iphoneos;
				SWIFT_COMPILATION_MODE = wholemodule;
				VALIDATE_PRODUCT = YES;
			};
			name = Release;
		};
		B323F59D2CAEAD2D00D34D23 /* Debug */ = {
			isa = XCBuildConfiguration;
			buildSettings = {
				BUNDLE_LOADER = "$(TEST_HOST)";
				CODE_SIGN_STYLE = Automatic;
				CURRENT_PROJECT_VERSION = 1;
				GENERATE_INFOPLIST_FILE = YES;
				IPHONEOS_DEPLOYMENT_TARGET = 18.0;
				MARKETING_VERSION = 1.0;
				PRODUCT_BUNDLE_IDENTIFIER = com.band.KreamTests;
				PRODUCT_NAME = "$(TARGET_NAME)";
				SWIFT_EMIT_LOC_STRINGS = NO;
				SWIFT_VERSION = 5.0;
				TARGETED_DEVICE_FAMILY = "1,2";
				TEST_HOST = "$(BUILT_PRODUCTS_DIR)/Kream.app/$(BUNDLE_EXECUTABLE_FOLDER_PATH)/Kream";
			};
			name = Debug;
		};
		B323F59E2CAEAD2D00D34D23 /* Release */ = {
			isa = XCBuildConfiguration;
			buildSettings = {
				BUNDLE_LOADER = "$(TEST_HOST)";
				CODE_SIGN_STYLE = Automatic;
				CURRENT_PROJECT_VERSION = 1;
				GENERATE_INFOPLIST_FILE = YES;
				IPHONEOS_DEPLOYMENT_TARGET = 18.0;
				MARKETING_VERSION = 1.0;
				PRODUCT_BUNDLE_IDENTIFIER = com.band.KreamTests;
				PRODUCT_NAME = "$(TARGET_NAME)";
				SWIFT_EMIT_LOC_STRINGS = NO;
				SWIFT_VERSION = 5.0;
				TARGETED_DEVICE_FAMILY = "1,2";
				TEST_HOST = "$(BUILT_PRODUCTS_DIR)/Kream.app/$(BUNDLE_EXECUTABLE_FOLDER_PATH)/Kream";
			};
			name = Release;
		};
		B323F5A02CAEAD2D00D34D23 /* Debug */ = {
			isa = XCBuildConfiguration;
			buildSettings = {
				CODE_SIGN_STYLE = Automatic;
				CURRENT_PROJECT_VERSION = 1;
				GENERATE_INFOPLIST_FILE = YES;
				MARKETING_VERSION = 1.0;
				PRODUCT_BUNDLE_IDENTIFIER = com.band.KreamUITests;
				PRODUCT_NAME = "$(TARGET_NAME)";
				SWIFT_EMIT_LOC_STRINGS = NO;
				SWIFT_VERSION = 5.0;
				TARGETED_DEVICE_FAMILY = "1,2";
				TEST_TARGET_NAME = Kream;
			};
			name = Debug;
		};
		B323F5A12CAEAD2D00D34D23 /* Release */ = {
			isa = XCBuildConfiguration;
			buildSettings = {
				CODE_SIGN_STYLE = Automatic;
				CURRENT_PROJECT_VERSION = 1;
				GENERATE_INFOPLIST_FILE = YES;
				MARKETING_VERSION = 1.0;
				PRODUCT_BUNDLE_IDENTIFIER = com.band.KreamUITests;
				PRODUCT_NAME = "$(TARGET_NAME)";
				SWIFT_EMIT_LOC_STRINGS = NO;
				SWIFT_VERSION = 5.0;
				TARGETED_DEVICE_FAMILY = "1,2";
				TEST_TARGET_NAME = Kream;
			};
			name = Release;
		};
/* End XCBuildConfiguration section */

/* Begin XCConfigurationList section */
		B323F5692CAEAD2B00D34D23 /* Build configuration list for PBXProject "Kream" */ = {
			isa = XCConfigurationList;
			buildConfigurations = (
				B323F59A2CAEAD2D00D34D23 /* Debug */,
				B323F59B2CAEAD2D00D34D23 /* Release */,
			);
			defaultConfigurationIsVisible = 0;
			defaultConfigurationName = Release;
		};
		B323F5972CAEAD2D00D34D23 /* Build configuration list for PBXNativeTarget "Kream" */ = {
			isa = XCConfigurationList;
			buildConfigurations = (
				B323F5982CAEAD2D00D34D23 /* Debug */,
				B323F5992CAEAD2D00D34D23 /* Release */,
			);
			defaultConfigurationIsVisible = 0;
			defaultConfigurationName = Release;
		};
		B323F59C2CAEAD2D00D34D23 /* Build configuration list for PBXNativeTarget "KreamTests" */ = {
			isa = XCConfigurationList;
			buildConfigurations = (
				B323F59D2CAEAD2D00D34D23 /* Debug */,
				B323F59E2CAEAD2D00D34D23 /* Release */,
			);
			defaultConfigurationIsVisible = 0;
			defaultConfigurationName = Release;
		};
		B323F59F2CAEAD2D00D34D23 /* Build configuration list for PBXNativeTarget "KreamUITests" */ = {
			isa = XCConfigurationList;
			buildConfigurations = (
				B323F5A02CAEAD2D00D34D23 /* Debug */,
				B323F5A12CAEAD2D00D34D23 /* Release */,
			);
			defaultConfigurationIsVisible = 0;
			defaultConfigurationName = Release;
		};
/* End XCConfigurationList section */
	};
	rootObject = B323F5662CAEAD2B00D34D23 /* Project object */;
}
